
Microsoft Visual Studio Solution File, Format Version 12.00
# Visual Studio Version 17
VisualStudioVersion = 17.6.33829.357
MinimumVisualStudioVersion = 10.0.40219.1
Project("{FAE04EC0-301F-11D3-BF4B-00C04F79EFBC}") = "EstudosCSharpConsole", "EstudosCSharpConsole\EstudosCSharpConsole.csproj", "{93735929-DEDC-4F7C-BC48-EAEE22D772E8}"
EndProject
Global
	GlobalSection(SolutionConfigurationPlatforms) = preSolution
		Debug|Any CPU = Debug|Any CPU
		Release|Any CPU = Release|Any CPU
	EndGlobalSection
	GlobalSection(ProjectConfigurationPlatforms) = postSolution
		{93735929-DEDC-4F7C-BC48-EAEE22D772E8}.Debug|Any CPU.ActiveCfg = Debug|Any CPU
		{93735929-DEDC-4F7C-BC48-EAEE22D772E8}.Debug|Any CPU.Build.0 = Debug|Any CPU
		{93735929-DEDC-4F7C-BC48-EAEE22D772E8}.Release|Any CPU.ActiveCfg = Release|Any CPU
		{93735929-DEDC-4F7C-BC48-EAEE22D772E8}.Release|Any CPU.Build.0 = Release|Any CPU
	EndGlobalSection
	GlobalSection(SolutionProperties) = preSolution
		HideSolutionNode = FALSE
	EndGlobalSection
	GlobalSection(ExtensibilityGlobals) = postSolution
		SolutionGuid = {891338C0-1935-4E92-B027-5C2824D89A53}
	EndGlobalSection
EndGlobal
